
Microsoft Visual Studio Solution File, Format Version 12.00
# Visual Studio Version 16
VisualStudioVersion = 16.0.30406.217
MinimumVisualStudioVersion = 10.0.40219.1
Project("{FAE04EC0-301F-11D3-BF4B-00C04F79EFBC}") = "TELEGRAM_INVITER", "TELEGRAM_INVITER\TELEGRAM_INVITER.csproj", "{DAE09F07-F53F-4EED-8EEE-378429D8CF1D}"
EndProject
Project("{FAE04EC0-301F-11D3-BF4B-00C04F79EFBC}") = "TELEGRAM_SPAMER", "TELEGRAM_SPAMER\TELEGRAM_SPAMER.csproj", "{19F2D204-135A-4D88-AD1D-0A523AC034E5}"
EndProject
Global
	GlobalSection(SolutionConfigurationPlatforms) = preSolution
		Debug x64|Any CPU = Debug x64|Any CPU
		Debug x64|x64 = Debug x64|x64
		Debug x64|x86 = Debug x64|x86
		Debug|Any CPU = Debug|Any CPU
		Debug|x64 = Debug|x64
		Debug|x86 = Debug|x86
		Release|Any CPU = Release|Any CPU
		Release|x64 = Release|x64
		Release|x86 = Release|x86
	EndGlobalSection
	GlobalSection(ProjectConfigurationPlatforms) = postSolution
		{DAE09F07-F53F-4EED-8EEE-378429D8CF1D}.Debug x64|Any CPU.ActiveCfg = Debug x64|Any CPU
		{DAE09F07-F53F-4EED-8EEE-378429D8CF1D}.Debug x64|Any CPU.Build.0 = Debug x64|Any CPU
		{DAE09F07-F53F-4EED-8EEE-378429D8CF1D}.Debug x64|x64.ActiveCfg = Debug|x64
		{DAE09F07-F53F-4EED-8EEE-378429D8CF1D}.Debug x64|x64.Build.0 = Debug|x64
		{DAE09F07-F53F-4EED-8EEE-378429D8CF1D}.Debug x64|x86.ActiveCfg = Debug x64|x86
		{DAE09F07-F53F-4EED-8EEE-378429D8CF1D}.Debug x64|x86.Build.0 = Debug x64|x86
		{DAE09F07-F53F-4EED-8EEE-378429D8CF1D}.Debug|Any CPU.ActiveCfg = Debug|Any CPU
		{DAE09F07-F53F-4EED-8EEE-378429D8CF1D}.Debug|Any CPU.Build.0 = Debug|Any CPU
		{DAE09F07-F53F-4EED-8EEE-378429D8CF1D}.Debug|x64.ActiveCfg = Debug|x64
		{DAE09F07-F53F-4EED-8EEE-378429D8CF1D}.Debug|x64.Build.0 = Debug|x64
		{DAE09F07-F53F-4EED-8EEE-378429D8CF1D}.Debug|x86.ActiveCfg = Debug|x64
		{DAE09F07-F53F-4EED-8EEE-378429D8CF1D}.Debug|x86.Build.0 = Debug|x64
		{DAE09F07-F53F-4EED-8EEE-378429D8CF1D}.Release|Any CPU.ActiveCfg = Release|Any CPU
		{DAE09F07-F53F-4EED-8EEE-378429D8CF1D}.Release|Any CPU.Build.0 = Release|Any CPU
		{DAE09F07-F53F-4EED-8EEE-378429D8CF1D}.Release|x64.ActiveCfg = Release|x64
		{DAE09F07-F53F-4EED-8EEE-378429D8CF1D}.Release|x64.Build.0 = Release|x64
		{DAE09F07-F53F-4EED-8EEE-378429D8CF1D}.Release|x86.ActiveCfg = Release|x86
		{DAE09F07-F53F-4EED-8EEE-378429D8CF1D}.Release|x86.Build.0 = Release|x86
		{19F2D204-135A-4D88-AD1D-0A523AC034E5}.Debug x64|Any CPU.ActiveCfg = Debug|Any CPU
		{19F2D204-135A-4D88-AD1D-0A523AC034E5}.Debug x64|Any CPU.Build.0 = Debug|Any CPU
		{19F2D204-135A-4D88-AD1D-0A523AC034E5}.Debug x64|x64.ActiveCfg = Debug|Any CPU
		{19F2D204-135A-4D88-AD1D-0A523AC034E5}.Debug x64|x64.Build.0 = Debug|Any CPU
		{19F2D204-135A-4D88-AD1D-0A523AC034E5}.Debug x64|x86.ActiveCfg = Debug|x86
		{19F2D204-135A-4D88-AD1D-0A523AC034E5}.Debug x64|x86.Build.0 = Debug|x86
		{19F2D204-135A-4D88-AD1D-0A523AC034E5}.Debug|Any CPU.ActiveCfg = Debug|Any CPU
		{19F2D204-135A-4D88-AD1D-0A523AC034E5}.Debug|Any CPU.Build.0 = Debug|Any CPU
		{19F2D204-135A-4D88-AD1D-0A523AC034E5}.Debug|x64.ActiveCfg = Debug|x86
		{19F2D204-135A-4D88-AD1D-0A523AC034E5}.Debug|x64.Build.0 = Debug|x86
		{19F2D204-135A-4D88-AD1D-0A523AC034E5}.Debug|x86.ActiveCfg = Debug|x86
		{19F2D204-135A-4D88-AD1D-0A523AC034E5}.Debug|x86.Build.0 = Debug|x86
		{19F2D204-135A-4D88-AD1D-0A523AC034E5}.Release|Any CPU.ActiveCfg = Release|Any CPU
		{19F2D204-135A-4D88-AD1D-0A523AC034E5}.Release|Any CPU.Build.0 = Release|Any CPU
		{19F2D204-135A-4D88-AD1D-0A523AC034E5}.Release|x64.ActiveCfg = Release|Any CPU
		{19F2D204-135A-4D88-AD1D-0A523AC034E5}.Release|x64.Build.0 = Release|Any CPU
		{19F2D204-135A-4D88-AD1D-0A523AC034E5}.Release|x86.ActiveCfg = Release|x86
		{19F2D204-135A-4D88-AD1D-0A523AC034E5}.Release|x86.Build.0 = Release|x86
	EndGlobalSection
	GlobalSection(SolutionProperties) = preSolution
		HideSolutionNode = FALSE
	EndGlobalSection
	GlobalSection(ExtensibilityGlobals) = postSolution
		SolutionGuid = {DE908ED1-89C7-4F5D-B145-B5A7C72CCDDB}
	EndGlobalSection
EndGlobal
